
Microsoft Visual Studio Solution File, Format Version 12.00
# Visual Studio Version 17
VisualStudioVersion = 17.0.31903.59
MinimumVisualStudioVersion = 10.0.40219.1
Project("{2150E333-8FDC-42A3-9474-1A3956D46DE8}") = "Affiliation", "Affiliation", "{92F45DBD-D51F-671B-713B-ADE31DB2850C}"
EndProject
Project("{FAE04EC0-301F-11D3-BF4B-00C04F79EFBC}") = "Cnss.Affiliation.Domain", "Affiliation\Cnss.Affiliation.Domain\Cnss.Affiliation.Domain.csproj", "{BB6003A6-FC45-42CC-B080-F82189732569}"
EndProject
Project("{2150E333-8FDC-42A3-9474-1A3956D46DE8}") = "Cotisation", "Cotisation", "{3E2CAB5A-7520-6281-3031-D7C588B8D143}"
EndProject
Project("{FAE04EC0-301F-11D3-BF4B-00C04F79EFBC}") = "Cnss.Cotisation.Domain", "Cotisation\Cnss.Cotisation.Domain\Cnss.Cotisation.Domain.csproj", "{AC144789-101A-4945-8211-B603875B245D}"
EndProject
Project("{2150E333-8FDC-42A3-9474-1A3956D46DE8}") = "Shared", "Shared", "{4F52FD11-658E-A102-6CD3-7D7C16FFA15B}"
EndProject
Project("{FAE04EC0-301F-11D3-BF4B-00C04F79EFBC}") = "Cnss.Shared.Domain", "Shared\Cnss.Shared.Domain\Cnss.Shared.Domain.csproj", "{6F25AB62-9BB0-4B13-9105-8B8C1E4E07A6}"
EndProject
Project("{FAE04EC0-301F-11D3-BF4B-00C04F79EFBC}") = "Cnss.Affiliation.Application", "Affiliation\Cnss.Affiliation.Application\Cnss.Affiliation.Application.csproj", "{B6D4D815-9982-4F71-B505-6F36DBECC818}"
EndProject
Project("{FAE04EC0-301F-11D3-BF4B-00C04F79EFBC}") = "Cnss.Shared.Application", "Shared\Cnss.Shared.Application\Cnss.Shared.Application.csproj", "{EE6346C3-15A8-40FC-AB39-A29EA2C20C68}"
EndProject
Global
	GlobalSection(SolutionConfigurationPlatforms) = preSolution
		Debug|Any CPU = Debug|Any CPU
		Debug|x64 = Debug|x64
		Debug|x86 = Debug|x86
		Release|Any CPU = Release|Any CPU
		Release|x64 = Release|x64
		Release|x86 = Release|x86
	EndGlobalSection
	GlobalSection(ProjectConfigurationPlatforms) = postSolution
		{BB6003A6-FC45-42CC-B080-F82189732569}.Debug|Any CPU.ActiveCfg = Debug|Any CPU
		{BB6003A6-FC45-42CC-B080-F82189732569}.Debug|Any CPU.Build.0 = Debug|Any CPU
		{BB6003A6-FC45-42CC-B080-F82189732569}.Debug|x64.ActiveCfg = Debug|Any CPU
		{BB6003A6-FC45-42CC-B080-F82189732569}.Debug|x64.Build.0 = Debug|Any CPU
		{BB6003A6-FC45-42CC-B080-F82189732569}.Debug|x86.ActiveCfg = Debug|Any CPU
		{BB6003A6-FC45-42CC-B080-F82189732569}.Debug|x86.Build.0 = Debug|Any CPU
		{BB6003A6-FC45-42CC-B080-F82189732569}.Release|Any CPU.ActiveCfg = Release|Any CPU
		{BB6003A6-FC45-42CC-B080-F82189732569}.Release|Any CPU.Build.0 = Release|Any CPU
		{BB6003A6-FC45-42CC-B080-F82189732569}.Release|x64.ActiveCfg = Release|Any CPU
		{BB6003A6-FC45-42CC-B080-F82189732569}.Release|x64.Build.0 = Release|Any CPU
		{BB6003A6-FC45-42CC-B080-F82189732569}.Release|x86.ActiveCfg = Release|Any CPU
		{BB6003A6-FC45-42CC-B080-F82189732569}.Release|x86.Build.0 = Release|Any CPU
		{AC144789-101A-4945-8211-B603875B245D}.Debug|Any CPU.ActiveCfg = Debug|Any CPU
		{AC144789-101A-4945-8211-B603875B245D}.Debug|Any CPU.Build.0 = Debug|Any CPU
		{AC144789-101A-4945-8211-B603875B245D}.Debug|x64.ActiveCfg = Debug|Any CPU
		{AC144789-101A-4945-8211-B603875B245D}.Debug|x64.Build.0 = Debug|Any CPU
		{AC144789-101A-4945-8211-B603875B245D}.Debug|x86.ActiveCfg = Debug|Any CPU
		{AC144789-101A-4945-8211-B603875B245D}.Debug|x86.Build.0 = Debug|Any CPU
		{AC144789-101A-4945-8211-B603875B245D}.Release|Any CPU.ActiveCfg = Release|Any CPU
		{AC144789-101A-4945-8211-B603875B245D}.Release|Any CPU.Build.0 = Release|Any CPU
		{AC144789-101A-4945-8211-B603875B245D}.Release|x64.ActiveCfg = Release|Any CPU
		{AC144789-101A-4945-8211-B603875B245D}.Release|x64.Build.0 = Release|Any CPU
		{AC144789-101A-4945-8211-B603875B245D}.Release|x86.ActiveCfg = Release|Any CPU
		{AC144789-101A-4945-8211-B603875B245D}.Release|x86.Build.0 = Release|Any CPU
		{6F25AB62-9BB0-4B13-9105-8B8C1E4E07A6}.Debug|Any CPU.ActiveCfg = Debug|Any CPU
		{6F25AB62-9BB0-4B13-9105-8B8C1E4E07A6}.Debug|Any CPU.Build.0 = Debug|Any CPU
		{6F25AB62-9BB0-4B13-9105-8B8C1E4E07A6}.Debug|x64.ActiveCfg = Debug|Any CPU
		{6F25AB62-9BB0-4B13-9105-8B8C1E4E07A6}.Debug|x64.Build.0 = Debug|Any CPU
		{6F25AB62-9BB0-4B13-9105-8B8C1E4E07A6}.Debug|x86.ActiveCfg = Debug|Any CPU
		{6F25AB62-9BB0-4B13-9105-8B8C1E4E07A6}.Debug|x86.Build.0 = Debug|Any CPU
		{6F25AB62-9BB0-4B13-9105-8B8C1E4E07A6}.Release|Any CPU.ActiveCfg = Release|Any CPU
		{6F25AB62-9BB0-4B13-9105-8B8C1E4E07A6}.Release|Any CPU.Build.0 = Release|Any CPU
		{6F25AB62-9BB0-4B13-9105-8B8C1E4E07A6}.Release|x64.ActiveCfg = Release|Any CPU
		{6F25AB62-9BB0-4B13-9105-8B8C1E4E07A6}.Release|x64.Build.0 = Release|Any CPU
		{6F25AB62-9BB0-4B13-9105-8B8C1E4E07A6}.Release|x86.ActiveCfg = Release|Any CPU
		{6F25AB62-9BB0-4B13-9105-8B8C1E4E07A6}.Release|x86.Build.0 = Release|Any CPU
		{B6D4D815-9982-4F71-B505-6F36DBECC818}.Debug|Any CPU.ActiveCfg = Debug|Any CPU
		{B6D4D815-9982-4F71-B505-6F36DBECC818}.Debug|Any CPU.Build.0 = Debug|Any CPU
		{B6D4D815-9982-4F71-B505-6F36DBECC818}.Debug|x64.ActiveCfg = Debug|Any CPU
		{B6D4D815-9982-4F71-B505-6F36DBECC818}.Debug|x64.Build.0 = Debug|Any CPU
		{B6D4D815-9982-4F71-B505-6F36DBECC818}.Debug|x86.ActiveCfg = Debug|Any CPU
		{B6D4D815-9982-4F71-B505-6F36DBECC818}.Debug|x86.Build.0 = Debug|Any CPU
		{B6D4D815-9982-4F71-B505-6F36DBECC818}.Release|Any CPU.ActiveCfg = Release|Any CPU
		{B6D4D815-9982-4F71-B505-6F36DBECC818}.Release|Any CPU.Build.0 = Release|Any CPU
		{B6D4D815-9982-4F71-B505-6F36DBECC818}.Release|x64.ActiveCfg = Release|Any CPU
		{B6D4D815-9982-4F71-B505-6F36DBECC818}.Release|x64.Build.0 = Release|Any CPU
		{B6D4D815-9982-4F71-B505-6F36DBECC818}.Release|x86.ActiveCfg = Release|Any CPU
		{B6D4D815-9982-4F71-B505-6F36DBECC818}.Release|x86.Build.0 = Release|Any CPU
		{EE6346C3-15A8-40FC-AB39-A29EA2C20C68}.Debug|Any CPU.ActiveCfg = Debug|Any CPU
		{EE6346C3-15A8-40FC-AB39-A29EA2C20C68}.Debug|Any CPU.Build.0 = Debug|Any CPU
		{EE6346C3-15A8-40FC-AB39-A29EA2C20C68}.Debug|x64.ActiveCfg = Debug|Any CPU
		{EE6346C3-15A8-40FC-AB39-A29EA2C20C68}.Debug|x64.Build.0 = Debug|Any CPU
		{EE6346C3-15A8-40FC-AB39-A29EA2C20C68}.Debug|x86.ActiveCfg = Debug|Any CPU
		{EE6346C3-15A8-40FC-AB39-A29EA2C20C68}.Debug|x86.Build.0 = Debug|Any CPU
		{EE6346C3-15A8-40FC-AB39-A29EA2C20C68}.Release|Any CPU.ActiveCfg = Release|Any CPU
		{EE6346C3-15A8-40FC-AB39-A29EA2C20C68}.Release|Any CPU.Build.0 = Release|Any CPU
		{EE6346C3-15A8-40FC-AB39-A29EA2C20C68}.Release|x64.ActiveCfg = Release|Any CPU
		{EE6346C3-15A8-40FC-AB39-A29EA2C20C68}.Release|x64.Build.0 = Release|Any CPU
		{EE6346C3-15A8-40FC-AB39-A29EA2C20C68}.Release|x86.ActiveCfg = Release|Any CPU
		{EE6346C3-15A8-40FC-AB39-A29EA2C20C68}.Release|x86.Build.0 = Release|Any CPU
	EndGlobalSection
	GlobalSection(SolutionProperties) = preSolution
		HideSolutionNode = FALSE
	EndGlobalSection
	GlobalSection(NestedProjects) = preSolution
		{BB6003A6-FC45-42CC-B080-F82189732569} = {92F45DBD-D51F-671B-713B-ADE31DB2850C}
		{AC144789-101A-4945-8211-B603875B245D} = {3E2CAB5A-7520-6281-3031-D7C588B8D143}
		{6F25AB62-9BB0-4B13-9105-8B8C1E4E07A6} = {4F52FD11-658E-A102-6CD3-7D7C16FFA15B}
		{B6D4D815-9982-4F71-B505-6F36DBECC818} = {92F45DBD-D51F-671B-713B-ADE31DB2850C}
		{EE6346C3-15A8-40FC-AB39-A29EA2C20C68} = {4F52FD11-658E-A102-6CD3-7D7C16FFA15B}
	EndGlobalSection
EndGlobal
